
Microsoft Visual Studio Solution File, Format Version 12.00
# Visual Studio Version 17
VisualStudioVersion = 17.5.33502.453
MinimumVisualStudioVersion = 10.0.40219.1
Project("{888888A0-9F3D-457C-B088-3A5042F75D52}") = "ap", "ap.pyproj", "{43E00BBC-EE2A-4A16-81F3-5EB4B57528CC}"
EndProject
Global
	GlobalSection(SolutionConfigurationPlatforms) = preSolution
		Debug|Any CPU = Debug|Any CPU
		Release|Any CPU = Release|Any CPU
	EndGlobalSection
	GlobalSection(ProjectConfigurationPlatforms) = postSolution
		{43E00BBC-EE2A-4A16-81F3-5EB4B57528CC}.Debug|Any CPU.ActiveCfg = Debug|Any CPU
		{43E00BBC-EE2A-4A16-81F3-5EB4B57528CC}.Release|Any CPU.ActiveCfg = Release|Any CPU
	EndGlobalSection
	GlobalSection(SolutionProperties) = preSolution
		HideSolutionNode = FALSE
	EndGlobalSection
	GlobalSection(ExtensibilityGlobals) = postSolution
		SolutionGuid = {F5F9213C-497D-4CA4-A67C-B646A2BEADA7}
	EndGlobalSection
EndGlobal
